
Microsoft Visual Studio Solution File, Format Version 12.00
# Visual Studio Version 17
VisualStudioVersion = 17.0.32014.148
MinimumVisualStudioVersion = 10.0.40219.1
Project("{FAE04EC0-301F-11D3-BF4B-00C04F79EFBC}") = "lesson 8.3", "lesson 8.3\lesson 8.3.csproj", "{6AF1743F-74DA-40E6-98BC-A862913B2CDC}"
EndProject
Global
	GlobalSection(SolutionConfigurationPlatforms) = preSolution
		Debug|Any CPU = Debug|Any CPU
		Release|Any CPU = Release|Any CPU
	EndGlobalSection
	GlobalSection(ProjectConfigurationPlatforms) = postSolution
		{6AF1743F-74DA-40E6-98BC-A862913B2CDC}.Debug|Any CPU.ActiveCfg = Debug|Any CPU
		{6AF1743F-74DA-40E6-98BC-A862913B2CDC}.Debug|Any CPU.Build.0 = Debug|Any CPU
		{6AF1743F-74DA-40E6-98BC-A862913B2CDC}.Release|Any CPU.ActiveCfg = Release|Any CPU
		{6AF1743F-74DA-40E6-98BC-A862913B2CDC}.Release|Any CPU.Build.0 = Release|Any CPU
	EndGlobalSection
	GlobalSection(SolutionProperties) = preSolution
		HideSolutionNode = FALSE
	EndGlobalSection
	GlobalSection(ExtensibilityGlobals) = postSolution
		SolutionGuid = {10A9AC89-FC08-4D83-8516-27658DF09836}
	EndGlobalSection
EndGlobal
