
Microsoft Visual Studio Solution File, Format Version 12.00
# Visual Studio Version 17
VisualStudioVersion = 17.0.32014.148
MinimumVisualStudioVersion = 10.0.40219.1
Project("{FAE04EC0-301F-11D3-BF4B-00C04F79EFBC}") = "lesson 8.4", "lesson 8.4\lesson 8.4.csproj", "{4F8E8860-7EEA-4F9D-91A7-5EFC9D4298AF}"
EndProject
Global
	GlobalSection(SolutionConfigurationPlatforms) = preSolution
		Debug|Any CPU = Debug|Any CPU
		Release|Any CPU = Release|Any CPU
	EndGlobalSection
	GlobalSection(ProjectConfigurationPlatforms) = postSolution
		{4F8E8860-7EEA-4F9D-91A7-5EFC9D4298AF}.Debug|Any CPU.ActiveCfg = Debug|Any CPU
		{4F8E8860-7EEA-4F9D-91A7-5EFC9D4298AF}.Debug|Any CPU.Build.0 = Debug|Any CPU
		{4F8E8860-7EEA-4F9D-91A7-5EFC9D4298AF}.Release|Any CPU.ActiveCfg = Release|Any CPU
		{4F8E8860-7EEA-4F9D-91A7-5EFC9D4298AF}.Release|Any CPU.Build.0 = Release|Any CPU
	EndGlobalSection
	GlobalSection(SolutionProperties) = preSolution
		HideSolutionNode = FALSE
	EndGlobalSection
	GlobalSection(ExtensibilityGlobals) = postSolution
		SolutionGuid = {1F25561A-0D22-4344-9B16-D15B9D6E6475}
	EndGlobalSection
EndGlobal
